
Microsoft Visual Studio Solution File, Format Version 12.00
Project("{FAE04EC0-301F-11D3-BF4B-00C04F79EFBC}") = "SegregatedStorage", "src\SegregatedStorage\SegregatedStorage.csproj", "{336CEC81-752C-4E3E-A343-0F3CCF48884C}"
EndProject
Project("{FAE04EC0-301F-11D3-BF4B-00C04F79EFBC}") = "SegregatedStorage.UnitTests", "tests\SegregatedStorage.UnitTests\SegregatedStorage.UnitTests.csproj", "{48719082-BAB4-4C0D-8F89-82CFFF0E8610}"
EndProject
Project("{2150E333-8FDC-42A3-9474-1A3956D46DE8}") = "src", "src", "{C13B1F7F-F968-4B4A-9057-AFA81F08825C}"
EndProject
Project("{2150E333-8FDC-42A3-9474-1A3956D46DE8}") = "tests", "tests", "{5A602E2C-1936-4FC6-B665-968E88CD4880}"
EndProject
Project("{FAE04EC0-301F-11D3-BF4B-00C04F79EFBC}") = "SegregatedStorage.Api", "src\SegregatedStorage.Api\SegregatedStorage.Api.csproj", "{156BE34E-11C9-4C40-B2A7-DE254375F99B}"
EndProject
Project("{2150E333-8FDC-42A3-9474-1A3956D46DE8}") = "Solution Items", "Solution Items", "{779D5DFE-75DE-4564-B706-7E672DF2DC0C}"
	ProjectSection(SolutionItems) = preProject
		.editorconfig = .editorconfig
		Directory.Build.props = Directory.Build.props
	EndProjectSection
EndProject
Project("{2150E333-8FDC-42A3-9474-1A3956D46DE8}") = "FileRepositoryTests", "FileRepositoryTests", "{9FE1B49F-A617-49BF-BD3B-0FED9DCDDCF1}"
EndProject
Project("{2150E333-8FDC-42A3-9474-1A3956D46DE8}") = "StorageProviderTests", "StorageProviderTests", "{ED9596D5-0885-48CE-868B-191AA12F9058}"
EndProject
Project("{FAE04EC0-301F-11D3-BF4B-00C04F79EFBC}") = "SegregatedStorage.Azure.IntegrationTests", "tests\StorageProviderTests\SegregatedStorage.Azure.IntegrationTests\SegregatedStorage.Azure.IntegrationTests.csproj", "{27002D77-34D5-4100-96A6-16604A08302C}"
EndProject
Project("{FAE04EC0-301F-11D3-BF4B-00C04F79EFBC}") = "SegregatedStorage.StorageProvider.IntegrationTests", "tests\StorageProviderTests\SegregatedStorage.StorageProvider.IntegrationTests\SegregatedStorage.StorageProvider.IntegrationTests.csproj", "{0CAC0F18-3816-4DA6-9306-4379D0E92EC7}"
EndProject
Project("{2150E333-8FDC-42A3-9474-1A3956D46DE8}") = "FileRepositories", "FileRepositories", "{EF3AFAD6-407F-4DC2-9317-33A8432A050B}"
EndProject
Project("{2150E333-8FDC-42A3-9474-1A3956D46DE8}") = "StorageProviders", "StorageProviders", "{5760EA08-0D55-4A64-9FBB-934E9CC87D07}"
EndProject
Project("{FAE04EC0-301F-11D3-BF4B-00C04F79EFBC}") = "SegregatedStorage.FileRepository.IntegrationTests", "tests\FileRepositoryTests\SegregatedStorage.FileRepository.IntegrationTests\SegregatedStorage.FileRepository.IntegrationTests.csproj", "{63E01134-E9DA-40DA-8C1E-C4D9AB3347D5}"
EndProject
Project("{FAE04EC0-301F-11D3-BF4B-00C04F79EFBC}") = "SegregatedStorage.Cosmos.IntegrationTests", "tests\FileRepositoryTests\SegregatedStorage.Cosmos.IntegrationTests\SegregatedStorage.Cosmos.IntegrationTests.csproj", "{F40A58F5-6EA6-4917-B1F9-D389DD278A00}"
EndProject
Project("{FAE04EC0-301F-11D3-BF4B-00C04F79EFBC}") = "SegregatedStorage.Mongo.IntegrationTests", "tests\FileRepositoryTests\SegregatedStorage.Mongo.IntegrationTests\SegregatedStorage.Mongo.IntegrationTests.csproj", "{9AF808D3-8AE7-4CC1-B4C8-364AD6D7C7F3}"
EndProject
Project("{FAE04EC0-301F-11D3-BF4B-00C04F79EFBC}") = "SegregatedStorage.AzureStorageProvider", "src\StorageProviders\SegregatedStorage.AzureStorageProvider\SegregatedStorage.AzureStorageProvider.csproj", "{AE358719-69F4-429F-9E73-B1E814FC4296}"
EndProject
Project("{FAE04EC0-301F-11D3-BF4B-00C04F79EFBC}") = "SegregatedStorage.CosmosFileRepository", "src\FileRepositories\SegregatedStorage.CosmosFileRepository\SegregatedStorage.CosmosFileRepository.csproj", "{B36116F5-0386-4F84-AFAA-D677739B24BE}"
EndProject
Project("{FAE04EC0-301F-11D3-BF4B-00C04F79EFBC}") = "SegregatedStorage.MongoFileRepository", "src\FileRepositories\SegregatedStorage.MongoFileRepository\SegregatedStorage.MongoFileRepository.csproj", "{4CA554BF-A425-4D57-BAEA-1A55FF2BD006}"
EndProject
Global
	GlobalSection(SolutionConfigurationPlatforms) = preSolution
		Debug|Any CPU = Debug|Any CPU
		Release|Any CPU = Release|Any CPU
	EndGlobalSection
	GlobalSection(ProjectConfigurationPlatforms) = postSolution
		{336CEC81-752C-4E3E-A343-0F3CCF48884C}.Debug|Any CPU.ActiveCfg = Debug|Any CPU
		{336CEC81-752C-4E3E-A343-0F3CCF48884C}.Debug|Any CPU.Build.0 = Debug|Any CPU
		{336CEC81-752C-4E3E-A343-0F3CCF48884C}.Release|Any CPU.ActiveCfg = Release|Any CPU
		{336CEC81-752C-4E3E-A343-0F3CCF48884C}.Release|Any CPU.Build.0 = Release|Any CPU
		{48719082-BAB4-4C0D-8F89-82CFFF0E8610}.Debug|Any CPU.ActiveCfg = Debug|Any CPU
		{48719082-BAB4-4C0D-8F89-82CFFF0E8610}.Debug|Any CPU.Build.0 = Debug|Any CPU
		{48719082-BAB4-4C0D-8F89-82CFFF0E8610}.Release|Any CPU.ActiveCfg = Release|Any CPU
		{48719082-BAB4-4C0D-8F89-82CFFF0E8610}.Release|Any CPU.Build.0 = Release|Any CPU
		{156BE34E-11C9-4C40-B2A7-DE254375F99B}.Debug|Any CPU.ActiveCfg = Debug|Any CPU
		{156BE34E-11C9-4C40-B2A7-DE254375F99B}.Debug|Any CPU.Build.0 = Debug|Any CPU
		{156BE34E-11C9-4C40-B2A7-DE254375F99B}.Release|Any CPU.ActiveCfg = Release|Any CPU
		{156BE34E-11C9-4C40-B2A7-DE254375F99B}.Release|Any CPU.Build.0 = Release|Any CPU
		{27002D77-34D5-4100-96A6-16604A08302C}.Debug|Any CPU.ActiveCfg = Debug|Any CPU
		{27002D77-34D5-4100-96A6-16604A08302C}.Debug|Any CPU.Build.0 = Debug|Any CPU
		{27002D77-34D5-4100-96A6-16604A08302C}.Release|Any CPU.ActiveCfg = Release|Any CPU
		{27002D77-34D5-4100-96A6-16604A08302C}.Release|Any CPU.Build.0 = Release|Any CPU
		{0CAC0F18-3816-4DA6-9306-4379D0E92EC7}.Debug|Any CPU.ActiveCfg = Debug|Any CPU
		{0CAC0F18-3816-4DA6-9306-4379D0E92EC7}.Debug|Any CPU.Build.0 = Debug|Any CPU
		{0CAC0F18-3816-4DA6-9306-4379D0E92EC7}.Release|Any CPU.ActiveCfg = Release|Any CPU
		{0CAC0F18-3816-4DA6-9306-4379D0E92EC7}.Release|Any CPU.Build.0 = Release|Any CPU
		{63E01134-E9DA-40DA-8C1E-C4D9AB3347D5}.Debug|Any CPU.ActiveCfg = Debug|Any CPU
		{63E01134-E9DA-40DA-8C1E-C4D9AB3347D5}.Debug|Any CPU.Build.0 = Debug|Any CPU
		{63E01134-E9DA-40DA-8C1E-C4D9AB3347D5}.Release|Any CPU.ActiveCfg = Release|Any CPU
		{63E01134-E9DA-40DA-8C1E-C4D9AB3347D5}.Release|Any CPU.Build.0 = Release|Any CPU
		{F40A58F5-6EA6-4917-B1F9-D389DD278A00}.Debug|Any CPU.ActiveCfg = Debug|Any CPU
		{F40A58F5-6EA6-4917-B1F9-D389DD278A00}.Debug|Any CPU.Build.0 = Debug|Any CPU
		{F40A58F5-6EA6-4917-B1F9-D389DD278A00}.Release|Any CPU.ActiveCfg = Release|Any CPU
		{F40A58F5-6EA6-4917-B1F9-D389DD278A00}.Release|Any CPU.Build.0 = Release|Any CPU
		{9AF808D3-8AE7-4CC1-B4C8-364AD6D7C7F3}.Debug|Any CPU.ActiveCfg = Debug|Any CPU
		{9AF808D3-8AE7-4CC1-B4C8-364AD6D7C7F3}.Debug|Any CPU.Build.0 = Debug|Any CPU
		{9AF808D3-8AE7-4CC1-B4C8-364AD6D7C7F3}.Release|Any CPU.ActiveCfg = Release|Any CPU
		{9AF808D3-8AE7-4CC1-B4C8-364AD6D7C7F3}.Release|Any CPU.Build.0 = Release|Any CPU
		{AE358719-69F4-429F-9E73-B1E814FC4296}.Debug|Any CPU.ActiveCfg = Debug|Any CPU
		{AE358719-69F4-429F-9E73-B1E814FC4296}.Debug|Any CPU.Build.0 = Debug|Any CPU
		{AE358719-69F4-429F-9E73-B1E814FC4296}.Release|Any CPU.ActiveCfg = Release|Any CPU
		{AE358719-69F4-429F-9E73-B1E814FC4296}.Release|Any CPU.Build.0 = Release|Any CPU
		{B36116F5-0386-4F84-AFAA-D677739B24BE}.Debug|Any CPU.ActiveCfg = Debug|Any CPU
		{B36116F5-0386-4F84-AFAA-D677739B24BE}.Debug|Any CPU.Build.0 = Debug|Any CPU
		{B36116F5-0386-4F84-AFAA-D677739B24BE}.Release|Any CPU.ActiveCfg = Release|Any CPU
		{B36116F5-0386-4F84-AFAA-D677739B24BE}.Release|Any CPU.Build.0 = Release|Any CPU
		{4CA554BF-A425-4D57-BAEA-1A55FF2BD006}.Debug|Any CPU.ActiveCfg = Debug|Any CPU
		{4CA554BF-A425-4D57-BAEA-1A55FF2BD006}.Debug|Any CPU.Build.0 = Debug|Any CPU
		{4CA554BF-A425-4D57-BAEA-1A55FF2BD006}.Release|Any CPU.ActiveCfg = Release|Any CPU
		{4CA554BF-A425-4D57-BAEA-1A55FF2BD006}.Release|Any CPU.Build.0 = Release|Any CPU
	EndGlobalSection
	GlobalSection(NestedProjects) = preSolution
		{336CEC81-752C-4E3E-A343-0F3CCF48884C} = {C13B1F7F-F968-4B4A-9057-AFA81F08825C}
		{48719082-BAB4-4C0D-8F89-82CFFF0E8610} = {5A602E2C-1936-4FC6-B665-968E88CD4880}
		{156BE34E-11C9-4C40-B2A7-DE254375F99B} = {C13B1F7F-F968-4B4A-9057-AFA81F08825C}
		{9FE1B49F-A617-49BF-BD3B-0FED9DCDDCF1} = {5A602E2C-1936-4FC6-B665-968E88CD4880}
		{ED9596D5-0885-48CE-868B-191AA12F9058} = {5A602E2C-1936-4FC6-B665-968E88CD4880}
		{27002D77-34D5-4100-96A6-16604A08302C} = {ED9596D5-0885-48CE-868B-191AA12F9058}
		{0CAC0F18-3816-4DA6-9306-4379D0E92EC7} = {ED9596D5-0885-48CE-868B-191AA12F9058}
		{EF3AFAD6-407F-4DC2-9317-33A8432A050B} = {C13B1F7F-F968-4B4A-9057-AFA81F08825C}
		{5760EA08-0D55-4A64-9FBB-934E9CC87D07} = {C13B1F7F-F968-4B4A-9057-AFA81F08825C}
		{63E01134-E9DA-40DA-8C1E-C4D9AB3347D5} = {9FE1B49F-A617-49BF-BD3B-0FED9DCDDCF1}
		{F40A58F5-6EA6-4917-B1F9-D389DD278A00} = {9FE1B49F-A617-49BF-BD3B-0FED9DCDDCF1}
		{9AF808D3-8AE7-4CC1-B4C8-364AD6D7C7F3} = {9FE1B49F-A617-49BF-BD3B-0FED9DCDDCF1}
		{AE358719-69F4-429F-9E73-B1E814FC4296} = {5760EA08-0D55-4A64-9FBB-934E9CC87D07}
		{B36116F5-0386-4F84-AFAA-D677739B24BE} = {EF3AFAD6-407F-4DC2-9317-33A8432A050B}
		{4CA554BF-A425-4D57-BAEA-1A55FF2BD006} = {EF3AFAD6-407F-4DC2-9317-33A8432A050B}
	EndGlobalSection
EndGlobal
